hash: 813ef219c7645a305f2ad4051b7db8521923df77ed8e70945327ae3c8453be63
updated: 2016-12-16T19:34:42.812602867-05:00
imports:
- name: code.uber.internal/go-common.git
  version: 97bcdb511e430fc4524ba4ceadd22211711e5b47
  repo: gitolite@code.uber.internal:go-common.git
  vcs: git
  subpackages:
  - x/backoff
  - x/config
  - x/kafka
  - x/log
  - x/metrics
  - x/metrics/customtransports
  - x/metrics/idgeneration
  - x/metrics/sampling
  - x/metrics/thrift
  - x/metrics/thriftudp
  - x/pool
  - x/time
- name: code.uber.internal/infra/jaeger-client-go.git
  version: 76bb8f64eda8984eaa1cb2fcf239c2396a007b01
  repo: gitolite@code.uber.internal:infra/jaeger-client-go.git
  vcs: git
- name: code.uber.internal/infra/uns.git
  version: b7897af8d266c83c7a5478045518f3ef76d07f26
  repo: gitolite@code.uber.internal:infra/uns.git
  vcs: git
  subpackages:
  - net/ds/stringset
  - net/log
  - net/metrics
  - net/server/status
  - net/zk/election
  - zk
  - zk/testutils
- name: github.com/alecthomas/template
  version: a0175ee3bccc567396460bf5acd36800cb10c49c
  subpackages:
  - parse
- name: github.com/alecthomas/units
  version: 2efee857e7cfd4f3d0138cc3cbb1b4966962b93a
- name: github.com/andres-erbsen/clock
  version: 9e14626cd129ba01ccb6806bcca9d523e570aaf0
- name: github.com/apache/thrift
  version: 9549b25c77587b29be4e0b5c258221a4ed85d37a
  subpackages:
  - lib/go/thrift
- name: github.com/cactus/go-statsd-client
  version: 91c326c3f7bd20f0226d3d1c289dd9f8ce28d33d
  subpackages:
  - statsd
- name: github.com/codahale/hdrhistogram
  version: f8ad88b59a584afeee9d334eff879b104439117b
- name: github.com/davecgh/go-spew
  version: 5215b55f46b2b919f50a1df0eaa5886afe4e3b3d
  subpackages:
  - spew
- name: github.com/facebookgo/clock
  version: 600d898af40aa09a7a93ecb9265d87b0504b6f03
- name: github.com/getsentry/raven-go
  version: e39495fea085e98d1281fac0ff4d6eb8dc56f86d
- name: github.com/go-sql-driver/mysql
  version: ce924a41eea897745442daaa1739089b0f3f561d
- name: github.com/gogo/protobuf
  version: a9cd0c35b97daf74d0ebf3514c5254814b2703b4
  subpackages:
  - jsonpb
  - proto
  - sortkeys
  - types
- name: github.com/golang/mock
  version: bd3c8e81be01eef76d4b503f5e687d2d1354d2d9
  subpackages:
  - gomock
- name: github.com/golang/protobuf
  version: 2bc9827a78f95c6665b5fe0abd1fd66b496ae2d8
  subpackages:
  - proto
  - protoc
  - protoc-gen-go
- name: github.com/jmoiron/sqlx
  version: 5f97679e23f75f42b265fec8d3bdb1c8de90b79d
  subpackages:
  - reflectx
- name: github.com/mattes/migrate
  version: ce1b59bb819416ca67422929b1cb48bb342720b6
  subpackages:
  - driver
  - driver/mysql
  - file
  - migrate
  - migrate/direction
  - pipe
- name: github.com/opentracing/opentracing-go
  version: 0c3154a3c2ce79d3271985848659870599dfb77c
  subpackages:
  - ext
  - log
- name: github.com/pborman/uuid
  version: 5007efa264d92316c43112bc573e754bc889b7b1
- name: github.com/pmezard/go-difflib
  version: 792786c7400a136282c1664665ae0a8db921c6c2
  subpackages:
  - difflib
- name: github.com/samuel/go-zookeeper
  version: 059fe7f9753e88663c3437e6e633ad7a95c118b6
  repo: https://github.com/nomis52/go-zookeeper.git
  vcs: git
  subpackages:
  - zk
- name: github.com/Sirupsen/logrus
  version: 08a8a7c27e3d058a8989316a850daad1c10bf4ab
- name: github.com/stretchr/objx
  version: 1a9d0bb9f541897e62256577b352fdbc1fb4fd94
- name: github.com/stretchr/testify
  version: e3a8ff8ce36581f87a15341206f205b1da467059
  subpackages:
  - assert
  - mock
  - require
  - suite
- name: github.com/uber-common/bark
  version: d52ffa061726911f47fcd3d9e8b9b55f22794772
- name: github.com/uber-go/atomic
  version: 0c9e689d64f004564b79d9a663634756df322902
- name: github.com/uber-go/tally
  version: 13a01a2a0dd2ade06c307ccc0ca4e83196c88422
- name: go.uber.org/yarpc
  version: 8ecdb8768bc43c1ac64a02259335ab3b231fbbd9
  subpackages:
  - encoding/json
  - internal
  - internal/baggage
  - internal/encoding
  - internal/errors
  - internal/filter
  - internal/interceptor
  - internal/meta
  - internal/net
  - internal/request
  - internal/sync
  - transport
  - transport/http
  - transport/internal
- name: golang.org/x/net
  version: 45e771701b814666a7eb299e6c7a57d0b1799e91
  subpackages:
  - context
  - context/ctxhttp
- name: golang.org/x/sys
  version: d4feaf1a7e61e1d9e79e6c4e76c6349e9cab0a03
  subpackages:
  - unix
- name: gopkg.in/alecthomas/kingpin.v2
  version: e9044be3ab2a8e11d4e1f418d12f0790d57e8d70
- name: gopkg.in/validator.v2
  version: 3e4f037f12a1221a0864cf0dd2e81c452ab22448
- name: gopkg.in/yaml.v2
  version: a83829b6f1293c91addabc89d0571c246397bbf4
testImports: []
